
Microsoft Visual Studio Solution File, Format Version 12.00
# Visual Studio 15
VisualStudioVersion = 15.0.27004.2002
MinimumVisualStudioVersion = 10.0.40219.1
Project("{FAE04EC0-301F-11D3-BF4B-00C04F79EFBC}") = "welcomebt", "welcomebt\welcomebt.csproj", "{528A9475-21C4-456C-8739-EC9EE89ABF26}"
EndProject
Global
	GlobalSection(SolutionConfigurationPlatforms) = preSolution
		Debug|Any CPU = Debug|Any CPU
		Release|Any CPU = Release|Any CPU
	EndGlobalSection
	GlobalSection(ProjectConfigurationPlatforms) = postSolution
		{528A9475-21C4-456C-8739-EC9EE89ABF26}.Debug|Any CPU.ActiveCfg = Debug|Any CPU
		{528A9475-21C4-456C-8739-EC9EE89ABF26}.Debug|Any CPU.Build.0 = Debug|Any CPU
		{528A9475-21C4-456C-8739-EC9EE89ABF26}.Release|Any CPU.ActiveCfg = Release|Any CPU
		{528A9475-21C4-456C-8739-EC9EE89ABF26}.Release|Any CPU.Build.0 = Release|Any CPU
	EndGlobalSection
	GlobalSection(SolutionProperties) = preSolution
		HideSolutionNode = FALSE
	EndGlobalSection
	GlobalSection(ExtensibilityGlobals) = postSolution
		SolutionGuid = {B37F1302-F03E-4A62-A369-7E0CF78A0560}
	EndGlobalSection
EndGlobal
